
Microsoft Visual Studio Solution File, Format Version 12.00
# Visual Studio Version 17
VisualStudioVersion = 17.8.34309.116
MinimumVisualStudioVersion = 10.0.40219.1
Project("{9A19103F-16F7-4668-BE54-9A1E7A4F7556}") = "DevLog", "DevLog\DevLog.csproj", "{2A2C95D0-138B-4ADB-9F1C-31DB3626D6EB}"
EndProject
Project("{FAE04EC0-301F-11D3-BF4B-00C04F79EFBC}") = "DevLog.UnitTests", "DevLog.UnitTests\DevLog.UnitTests.csproj", "{350E641D-507A-4E48-B2FF-E32B06DE3A02}"
EndProject
Global
	GlobalSection(SolutionConfigurationPlatforms) = preSolution
		Debug|Any CPU = Debug|Any CPU
		Release|Any CPU = Release|Any CPU
	EndGlobalSection
	GlobalSection(ProjectConfigurationPlatforms) = postSolution
		{2A2C95D0-138B-4ADB-9F1C-31DB3626D6EB}.Debug|Any CPU.ActiveCfg = Debug|Any CPU
		{2A2C95D0-138B-4ADB-9F1C-31DB3626D6EB}.Debug|Any CPU.Build.0 = Debug|Any CPU
		{2A2C95D0-138B-4ADB-9F1C-31DB3626D6EB}.Release|Any CPU.ActiveCfg = Release|Any CPU
		{2A2C95D0-138B-4ADB-9F1C-31DB3626D6EB}.Release|Any CPU.Build.0 = Release|Any CPU
		{350E641D-507A-4E48-B2FF-E32B06DE3A02}.Debug|Any CPU.ActiveCfg = Debug|Any CPU
		{350E641D-507A-4E48-B2FF-E32B06DE3A02}.Debug|Any CPU.Build.0 = Debug|Any CPU
		{350E641D-507A-4E48-B2FF-E32B06DE3A02}.Release|Any CPU.ActiveCfg = Release|Any CPU
		{350E641D-507A-4E48-B2FF-E32B06DE3A02}.Release|Any CPU.Build.0 = Release|Any CPU
	EndGlobalSection
	GlobalSection(SolutionProperties) = preSolution
		HideSolutionNode = FALSE
	EndGlobalSection
	GlobalSection(ExtensibilityGlobals) = postSolution
		SolutionGuid = {4FCE3A6F-D9A5-47BC-B478-D54C4439DA42}
	EndGlobalSection
EndGlobal
